
Microsoft Visual Studio Solution File, Format Version 12.00
# Visual Studio Version 16
VisualStudioVersion = 16.0.28803.202
MinimumVisualStudioVersion = 10.0.40219.1
Project("{8BC9CEB8-8B4A-11D0-8D11-00A0C91BC942}") = "4x_game", "4x_game\4x_game.vcxproj", "{E74837CB-1591-4FC7-A345-745F5223494C}"
EndProject
Global
	GlobalSection(SolutionConfigurationPlatforms) = preSolution
		Debug|x64 = Debug|x64
		Debug|x86 = Debug|x86
		Release|x64 = Release|x64
		Release|x86 = Release|x86
	EndGlobalSection
	GlobalSection(ProjectConfigurationPlatforms) = postSolution
		{E74837CB-1591-4FC7-A345-745F5223494C}.Debug|x64.ActiveCfg = Debug|x64
		{E74837CB-1591-4FC7-A345-745F5223494C}.Debug|x64.Build.0 = Debug|x64
		{E74837CB-1591-4FC7-A345-745F5223494C}.Debug|x86.ActiveCfg = Debug|Win32
		{E74837CB-1591-4FC7-A345-745F5223494C}.Debug|x86.Build.0 = Debug|Win32
		{E74837CB-1591-4FC7-A345-745F5223494C}.Release|x64.ActiveCfg = Release|x64
		{E74837CB-1591-4FC7-A345-745F5223494C}.Release|x64.Build.0 = Release|x64
		{E74837CB-1591-4FC7-A345-745F5223494C}.Release|x86.ActiveCfg = Release|Win32
		{E74837CB-1591-4FC7-A345-745F5223494C}.Release|x86.Build.0 = Release|Win32
	EndGlobalSection
	GlobalSection(SolutionProperties) = preSolution
		HideSolutionNode = FALSE
	EndGlobalSection
	GlobalSection(ExtensibilityGlobals) = postSolution
		SolutionGuid = {003E1027-9D01-4EC6-9E10-6D7AD02E2674}
	EndGlobalSection
EndGlobal
