<?xml version="1.0" encoding="utf-8"?>
<Project ToolsVersion="4.0" xmlns="http://schemas.microsoft.com/developer/msbuild/2003">
  <ItemGroup>
    <Filter Include="Source Files">
      <UniqueIdentifier>{4FC737F1-C7A5-4376-A066-2A32D752A2FF}</UniqueIdentifier>
      <Extensions>cpp;c;cc;cxx;def;odl;idl;hpj;bat;asm;asmx</Extensions>
    </Filter>
    <Filter Include="Header Files">
      <UniqueIdentifier>{93995380-89BD-4b04-88EB-625FBE52EBFB}</UniqueIdentifier>
      <Extensions>h;hh;hpp;hxx;hm;inl;inc;ipp;xsd</Extensions>
    </Filter>
    <Filter Include="Resource Files">
      <UniqueIdentifier>{67DA6AB6-F800-4c08-8B7A-83BB121AAD01}</UniqueIdentifier>
      <Extensions>rc;ico;cur;bmp;dlg;rc2;rct;bin;rgs;gif;jpg;jpeg;jpe;resx;tiff;tif;png;wav;mfcribbon-ms</Extensions>
    </Filter>
    <Filter Include="Source Files\physics">
      <UniqueIdentifier>{e6c3a935-2da1-4439-bc7c-db008812dd9b}</UniqueIdentifier>
    </Filter>
    <Filter Include="Source Files\parts">
      <UniqueIdentifier>{ddf50c92-9f6e-4e50-994f-581c0bbd9101}</UniqueIdentifier>
    </Filter>
    <Filter Include="Source Files\Tech tree">
      <UniqueIdentifier>{41df46db-139f-4ad4-8c26-95eac8790b28}</UniqueIdentifier>
    </Filter>
    <Filter Include="Source Files\gui">
      <UniqueIdentifier>{2b6ef1ac-da93-45cd-bd13-3096817a9d67}</UniqueIdentifier>
    </Filter>
  </ItemGroup>
  <ItemGroup>
    <ClCompile Include="4x_game.cpp">
      <Filter>Source Files</Filter>
    </ClCompile>
    <ClCompile Include="pane.cpp">
      <Filter>Source Files\gui</Filter>
    </ClCompile>
    <ClCompile Include="container.cpp">
      <Filter>Source Files\gui</Filter>
    </ClCompile>
    <ClCompile Include="textBox.cpp">
      <Filter>Source Files\gui</Filter>
    </ClCompile>
    <ClCompile Include="physObject.cpp">
      <Filter>Source Files\physics</Filter>
    </ClCompile>
    <ClCompile Include="planet.cpp">
      <Filter>Source Files\physics</Filter>
    </ClCompile>
    <ClCompile Include="ship.cpp">
      <Filter>Source Files\physics</Filter>
    </ClCompile>
    <ClCompile Include="star.cpp">
      <Filter>Source Files\physics</Filter>
    </ClCompile>
    <ClCompile Include="parts\engine.cpp">
      <Filter>Source Files\parts</Filter>
    </ClCompile>
    <ClCompile Include="parts\part.cpp">
      <Filter>Source Files\parts</Filter>
    </ClCompile>
    <ClCompile Include="asteroid.cpp">
      <Filter>Source Files\physics</Filter>
    </ClCompile>
    <ClCompile Include="keplarianConversions.cpp">
      <Filter>Source Files</Filter>
    </ClCompile>
    <ClCompile Include="Tech tree\node.cpp">
      <Filter>Source Files\Tech tree</Filter>
    </ClCompile>
    <ClCompile Include="Tech tree\tree.cpp">
      <Filter>Source Files\Tech tree</Filter>
    </ClCompile>
    <ClCompile Include="networkTrainer.cpp">
      <Filter>Source Files</Filter>
    </ClCompile>
    <ClCompile Include="neuralNet.cpp">
      <Filter>Source Files</Filter>
    </ClCompile>
  </ItemGroup>
  <ItemGroup>
    <ClInclude Include="textBox.h">
      <Filter>Source Files\gui</Filter>
    </ClInclude>
    <ClInclude Include="pane.h">
      <Filter>Source Files\gui</Filter>
    </ClInclude>
    <ClInclude Include="container.h">
      <Filter>Source Files\gui</Filter>
    </ClInclude>
    <ClInclude Include="constants.h">
      <Filter>Header Files</Filter>
    </ClInclude>
    <ClInclude Include="physObject.h">
      <Filter>Source Files\physics</Filter>
    </ClInclude>
    <ClInclude Include="planet.h">
      <Filter>Source Files\physics</Filter>
    </ClInclude>
    <ClInclude Include="ship.h">
      <Filter>Source Files\physics</Filter>
    </ClInclude>
    <ClInclude Include="burnSolver.h">
      <Filter>Header Files</Filter>
    </ClInclude>
    <ClInclude Include="star.h">
      <Filter>Source Files\physics</Filter>
    </ClInclude>
    <ClInclude Include="parts\engine.h">
      <Filter>Source Files\parts</Filter>
    </ClInclude>
    <ClInclude Include="asteroid.h">
      <Filter>Source Files\physics</Filter>
    </ClInclude>
    <ClInclude Include="resource.h">
      <Filter>Header Files</Filter>
    </ClInclude>
    <ClInclude Include="keplarianConversions.h">
      <Filter>Source Files</Filter>
    </ClInclude>
    <ClInclude Include="Tech tree\node.h">
      <Filter>Source Files\Tech tree</Filter>
    </ClInclude>
    <ClInclude Include="structs.h">
      <Filter>Header Files</Filter>
    </ClInclude>
    <ClInclude Include="Tech tree\tree.h">
      <Filter>Source Files\Tech tree</Filter>
    </ClInclude>
    <ClInclude Include="networkTrainer.h">
      <Filter>Source Files</Filter>
    </ClInclude>
    <ClInclude Include="neuralNet.h">
      <Filter>Source Files</Filter>
    </ClInclude>
    <ClInclude Include="parts\part.h">
      <Filter>Source Files\parts</Filter>
    </ClInclude>
  </ItemGroup>
  <ItemGroup>
    <ResourceCompile Include="4x_game.rc">
      <Filter>Resource Files</Filter>
    </ResourceCompile>
  </ItemGroup>
</Project>